<?xml version="1.0" encoding="utf-8"?>
<Project ToolsVersion="4.0" xmlns="http://schemas.microsoft.com/developer/msbuild/2003">
  <ItemGroup>
    <Filter Include="source">
      <UniqueIdentifier>{4FC737F1-C7A5-4376-A066-2A32D752A2FF}</UniqueIdentifier>
      <Extensions>cpp;c;hpp;h;cxx;asm</Extensions>
    </Filter>
    <Filter Include="assets">
      <UniqueIdentifier>{67feed13-7143-47c7-b49c-70c052d4035b}</UniqueIdentifier>
    </Filter>
  </ItemGroup>
  <ItemGroup>
    <ClCompile Include="..\..\source\cpfs_winfsp\main.cpp">
      <Filter>Source</Filter>
    </ClCompile>
    <ClCompile Include="..\..\source\cpfs_winfsp\utils.cpp">
      <Filter>source</Filter>
    </ClCompile>
    <ClCompile Include="..\..\source\cpfs_winfsp\cpfs.cpp">
      <Filter>source</Filter>
    </ClCompile>
    <ClCompile Include="..\..\source\cpfs_winfsp\file_context.cpp">
      <Filter>source</Filter>
    </ClCompile>
  </ItemGroup>
  <ItemGroup>
    <ClInclude Include="..\..\source\cpfs_winfsp\cpfs.hpp">
      <Filter>source</Filter>
    </ClInclude>
    <ClInclude Include="..\..\source\cpfs_winfsp\utils.hpp">
      <Filter>source</Filter>
    </ClInclude>
    <ClInclude Include="resource.h">
      <Filter>source</Filter>
    </ClInclude>
    <ClInclude Include="..\..\source\cpfs_winfsp\resource.h">
      <Filter>assets</Filter>
    </ClInclude>
    <ClInclude Include="..\..\source\cpfs_winfsp\file_context.hpp">
      <Filter>source</Filter>
    </ClInclude>
    <ClInclude Include="..\..\source\cpfs_winfsp\winfsp.h">
      <Filter>source</Filter>
    </ClInclude>
  </ItemGroup>
  <ItemGroup>
    <Image Include="..\..\source\cpfs_winfsp\cpfs.ico">
      <Filter>assets</Filter>
    </Image>
  </ItemGroup>
  <ItemGroup>
    <ResourceCompile Include="..\..\source\cpfs_winfsp\cpfs_winfsp.rc">
      <Filter>assets</Filter>
    </ResourceCompile>
  </ItemGroup>
</Project>