<?xml version="1.0" encoding="utf-8"?>
<Project ToolsVersion="4.0" xmlns="http://schemas.microsoft.com/developer/msbuild/2003">
  <ItemGroup>
    <Filter Include="source">
      <UniqueIdentifier>{4FC737F1-C7A5-4376-A066-2A32D752A2FF}</UniqueIdentifier>
      <Extensions>cpp;c;hpp;h;cxx;asm</Extensions>
    </Filter>
    <Filter Include="source\extdep">
      <UniqueIdentifier>{a4f96595-a84d-4e85-b6ea-cfb726a7a5aa}</UniqueIdentifier>
    </Filter>
  </ItemGroup>
  <ItemGroup>
    <ClCompile Include="..\..\source\tools\rtti_dumper_dll\main.cpp">
      <Filter>source</Filter>
    </ClCompile>
    <ClCompile Include="..\..\source\cpinternals\common\utils.cpp">
      <Filter>source\extdep</Filter>
    </ClCompile>
    <ClCompile Include="..\..\source\tools\rtti_dumper_dll\rtti.cpp">
      <Filter>source</Filter>
    </ClCompile>
  </ItemGroup>
  <ItemGroup>
    <ClInclude Include="..\..\source\tools\rtti_dumper_dll\rtti.hpp">
      <Filter>source</Filter>
    </ClInclude>
    <ClInclude Include="..\..\source\tools\rtti_dumper_dll\pe.hpp">
      <Filter>source</Filter>
    </ClInclude>
    <ClInclude Include="..\..\source\tools\rtti_dumper_dll\mem.hpp">
      <Filter>source</Filter>
    </ClInclude>
  </ItemGroup>
</Project>