<?xml version="1.0" encoding="utf-8"?>
<Project ToolsVersion="4.0" xmlns="http://schemas.microsoft.com/developer/msbuild/2003">
  <ItemGroup>
    <Filter Include="Source">
      <UniqueIdentifier>{4FC737F1-C7A5-4376-A066-2A32D752A2FF}</UniqueIdentifier>
      <Extensions>cpp;c;cc;cxx;def;odl;idl;hpj;bat;asm;asmx</Extensions>
    </Filter>
    <Filter Include="Source\AppLib">
      <UniqueIdentifier>{3a1a7485-1020-4b9e-9da6-d809a4007692}</UniqueIdentifier>
    </Filter>
    <Filter Include="Source\AppLib\imgui">
      <UniqueIdentifier>{40b65cf4-c0c5-4c22-8287-0ccce19133bc}</UniqueIdentifier>
    </Filter>
    <Filter Include="Source\imgui_extras">
      <UniqueIdentifier>{ce933798-dbe5-4392-8de2-c5e49012149c}</UniqueIdentifier>
    </Filter>
    <Filter Include="Source\widgets">
      <UniqueIdentifier>{5dd5b1e8-7255-4981-8e35-c8166bf50ae7}</UniqueIdentifier>
    </Filter>
    <Filter Include="Source\external">
      <UniqueIdentifier>{145ed9b9-b2de-4237-a01c-ea74307ab50d}</UniqueIdentifier>
    </Filter>
    <Filter Include="Source\external\nlohmann">
      <UniqueIdentifier>{efc1694a-8628-4f4c-a916-98b9f7e6c5bd}</UniqueIdentifier>
    </Filter>
    <Filter Include="Source\external\xlz4">
      <UniqueIdentifier>{ee3e378e-7423-40f9-8c33-76ee06357750}</UniqueIdentifier>
    </Filter>
    <Filter Include="Source\widgets\node_editors">
      <UniqueIdentifier>{2229f702-6812-40b2-87f4-f8eac67cff6a}</UniqueIdentifier>
    </Filter>
    <Filter Include="Source\cpinternals">
      <UniqueIdentifier>{09b1fce1-30a3-4684-b834-7bac9fa99a4c}</UniqueIdentifier>
    </Filter>
    <Filter Include="Resources">
      <UniqueIdentifier>{67DA6AB6-F800-4c08-8B7A-83BB121AAD01}</UniqueIdentifier>
      <Extensions>json;rc;ico;cur;bmp;dlg;rc2;rct;bin;rgs;gif;jpg;jpeg;jpe;resx;tiff;tif;png;wav;mfcribbon-ms</Extensions>
    </Filter>
    <Filter Include="Source\external\fmt">
      <UniqueIdentifier>{c7990d27-362c-4853-947c-e569eca68605}</UniqueIdentifier>
    </Filter>
    <Filter Include="Source\widgets\cproperties">
      <UniqueIdentifier>{70425ada-529b-4a5e-bb93-3f9394e16a9e}</UniqueIdentifier>
    </Filter>
    <Filter Include="Source\csav">
      <UniqueIdentifier>{88d91336-c576-4e5c-9fa2-ef2440c28e1a}</UniqueIdentifier>
    </Filter>
    <Filter Include="Source\csav\cnodes">
      <UniqueIdentifier>{5afc6430-c459-4483-815c-e6a6adfebb5c}</UniqueIdentifier>
    </Filter>
    <Filter Include="Source\csav\csystem">
      <UniqueIdentifier>{a41e872c-3931-47be-b4ba-9fac8bdd344f}</UniqueIdentifier>
    </Filter>
    <Filter Include="Source\external\spdlog">
      <UniqueIdentifier>{a0fa6abc-3915-4547-b516-ea4b013f0026}</UniqueIdentifier>
    </Filter>
    <Filter Include="Source\external\spdlog\sinks">
      <UniqueIdentifier>{03e2fd2e-9f38-4611-b536-801716708da5}</UniqueIdentifier>
    </Filter>
    <Filter Include="Source\external\spdlog\fmt">
      <UniqueIdentifier>{6a1b2754-1514-41ee-87e2-166269d5ca45}</UniqueIdentifier>
    </Filter>
    <Filter Include="Source\external\spdlog\fmt\bundled">
      <UniqueIdentifier>{d7990bb5-8006-49c4-93eb-3210429bced1}</UniqueIdentifier>
    </Filter>
    <Filter Include="Source\external\spdlog\details">
      <UniqueIdentifier>{bb891f31-d014-433d-81cb-5080e63c23d6}</UniqueIdentifier>
    </Filter>
    <Filter Include="Source\external\spdlog\cfg">
      <UniqueIdentifier>{390f4e55-3cf1-4615-875a-107c76a63f90}</UniqueIdentifier>
    </Filter>
  </ItemGroup>
  <ItemGroup>
    <ClCompile Include="Source\AppLib\IApp.cpp">
      <Filter>Source\AppLib</Filter>
    </ClCompile>
    <ClCompile Include="Source\utils.cpp">
      <Filter>Source</Filter>
    </ClCompile>
    <ClCompile Include="Source\main.cpp">
      <Filter>Source</Filter>
    </ClCompile>
    <ClCompile Include="Source\external\xlz4\lz4.c">
      <Filter>Source\external\xlz4</Filter>
    </ClCompile>
    <ClCompile Include="Source\cpinternals\cpnames.cpp">
      <Filter>Source\cpinternals</Filter>
    </ClCompile>
    <ClCompile Include="Source\external\fmt\format.cc">
      <Filter>Source\external\fmt</Filter>
    </ClCompile>
    <ClCompile Include="Source\external\fmt\os.cc">
      <Filter>Source\external\fmt</Filter>
    </ClCompile>
    <ClCompile Include="Source\imgui_extras\imgui_better_combo.cpp">
      <Filter>Source\imgui_extras</Filter>
    </ClCompile>
    <ClCompile Include="Source\imgui_extras\imgui_stdlib.cpp">
      <Filter>Source\imgui_extras</Filter>
    </ClCompile>
    <ClCompile Include="Source\imgui_extras\cpp_imgui.cpp">
      <Filter>Source\imgui_extras</Filter>
    </ClCompile>
    <ClCompile Include="Source\cpinternals\cpenums.cpp">
      <Filter>Source\cpinternals</Filter>
    </ClCompile>
    <ClCompile Include="Source\AppLib\imgui_impl_dx11.cpp">
      <Filter>Source\AppLib</Filter>
    </ClCompile>
    <ClCompile Include="Source\AppLib\imgui_impl_win32.cpp">
      <Filter>Source\AppLib</Filter>
    </ClCompile>
    <ClCompile Include="Source\AppLib\imgui\imgui.cpp">
      <Filter>Source\AppLib\imgui</Filter>
    </ClCompile>
    <ClCompile Include="Source\AppLib\imgui\imgui_demo.cpp">
      <Filter>Source\AppLib\imgui</Filter>
    </ClCompile>
    <ClCompile Include="Source\AppLib\imgui\imgui_draw.cpp">
      <Filter>Source\AppLib\imgui</Filter>
    </ClCompile>
    <ClCompile Include="Source\AppLib\imgui\imgui_tables.cpp">
      <Filter>Source\AppLib\imgui</Filter>
    </ClCompile>
    <ClCompile Include="Source\AppLib\imgui\imgui_widgets.cpp">
      <Filter>Source\AppLib\imgui</Filter>
    </ClCompile>
    <ClCompile Include="Source\csav\csav.cpp">
      <Filter>Source\csav</Filter>
    </ClCompile>
    <ClCompile Include="Source\csav\csystem\CObject.cpp">
      <Filter>Source\csav\csystem</Filter>
    </ClCompile>
    <ClCompile Include="Source\csav\csystem\CPropertyFactory.cpp">
      <Filter>Source\csav\csystem</Filter>
    </ClCompile>
    <ClCompile Include="Source\csav\csystem\CObjectBP.cpp">
      <Filter>Source\csav\csystem</Filter>
    </ClCompile>
  </ItemGroup>
  <ItemGroup>
    <ClInclude Include="Source\AppLib\pch.h">
      <Filter>Source\AppLib</Filter>
    </ClInclude>
    <ClInclude Include="Source\imgui_extras\imgui_filebrowser.hpp">
      <Filter>Source\imgui_extras</Filter>
    </ClInclude>
    <ClInclude Include="Source\AppLib\stb_image.h">
      <Filter>Source\AppLib</Filter>
    </ClInclude>
    <ClInclude Include="Source\external\nlohmann\json.hpp">
      <Filter>Source\external\nlohmann</Filter>
    </ClInclude>
    <ClInclude Include="Source\external\xlz4\lz4.h">
      <Filter>Source\external\xlz4</Filter>
    </ClInclude>
    <ClInclude Include="Source\widgets\csav_widget.hpp">
      <Filter>Source\widgets</Filter>
    </ClInclude>
    <ClInclude Include="Source\widgets\csav_experimental.hpp">
      <Filter>Source\widgets</Filter>
    </ClInclude>
    <ClInclude Include="Source\external\span.hpp">
      <Filter>Source\external</Filter>
    </ClInclude>
    <ClInclude Include="Source\imgui_extras\imgui_memory_editor.hpp">
      <Filter>Source\imgui_extras</Filter>
    </ClInclude>
    <ClInclude Include="Source\widgets\node_editors\inventory.hpp">
      <Filter>Source\widgets\node_editors</Filter>
    </ClInclude>
    <ClInclude Include="Source\widgets\node_editors\hexedit.hpp">
      <Filter>Source\widgets\node_editors</Filter>
    </ClInclude>
    <ClInclude Include="Source\widgets\node_editors.hpp">
      <Filter>Source\widgets</Filter>
    </ClInclude>
    <ClInclude Include="Source\widgets\node_editors\node_editor.hpp">
      <Filter>Source\widgets\node_editors</Filter>
    </ClInclude>
    <ClInclude Include="Source\utils.hpp">
      <Filter>Source</Filter>
    </ClInclude>
    <ClInclude Include="Source\widgets\node_editors\StatsSystem.hpp">
      <Filter>Source\widgets\node_editors</Filter>
    </ClInclude>
    <ClInclude Include="Source\widgets\hexeditor_windows_mgr.hpp">
      <Filter>Source\widgets</Filter>
    </ClInclude>
    <ClInclude Include="Source\external\fmt\chrono.h">
      <Filter>Source\external\fmt</Filter>
    </ClInclude>
    <ClInclude Include="Source\external\fmt\color.h">
      <Filter>Source\external\fmt</Filter>
    </ClInclude>
    <ClInclude Include="Source\external\fmt\compile.h">
      <Filter>Source\external\fmt</Filter>
    </ClInclude>
    <ClInclude Include="Source\external\fmt\core.h">
      <Filter>Source\external\fmt</Filter>
    </ClInclude>
    <ClInclude Include="Source\external\fmt\format.h">
      <Filter>Source\external\fmt</Filter>
    </ClInclude>
    <ClInclude Include="Source\external\fmt\format-inl.h">
      <Filter>Source\external\fmt</Filter>
    </ClInclude>
    <ClInclude Include="Source\external\fmt\locale.h">
      <Filter>Source\external\fmt</Filter>
    </ClInclude>
    <ClInclude Include="Source\external\fmt\os.h">
      <Filter>Source\external\fmt</Filter>
    </ClInclude>
    <ClInclude Include="Source\external\fmt\ostream.h">
      <Filter>Source\external\fmt</Filter>
    </ClInclude>
    <ClInclude Include="Source\external\fmt\posix.h">
      <Filter>Source\external\fmt</Filter>
    </ClInclude>
    <ClInclude Include="Source\external\fmt\printf.h">
      <Filter>Source\external\fmt</Filter>
    </ClInclude>
    <ClInclude Include="Source\external\fmt\ranges.h">
      <Filter>Source\external\fmt</Filter>
    </ClInclude>
    <ClInclude Include="Source\cpinternals\cpnames.hpp">
      <Filter>Source\cpinternals</Filter>
    </ClInclude>
    <ClInclude Include="Source\widgets\node_editors\itemData.hpp">
      <Filter>Source\widgets\node_editors</Filter>
    </ClInclude>
    <ClInclude Include="Source\AppLib\IApp.hpp">
      <Filter>Source\AppLib</Filter>
    </ClInclude>
    <ClInclude Include="Source\imgui_extras\imgui_better_combo.hpp">
      <Filter>Source\imgui_extras</Filter>
    </ClInclude>
    <ClInclude Include="Source\widgets\node_editors\CharacetrCustomization_Appearances.hpp">
      <Filter>Source\widgets\node_editors</Filter>
    </ClInclude>
    <ClInclude Include="Source\imgui_extras\cpp_imgui.hpp">
      <Filter>Source\imgui_extras</Filter>
    </ClInclude>
    <ClInclude Include="Source\imgui_extras\imgui_stdlib.h">
      <Filter>Source\imgui_extras</Filter>
    </ClInclude>
    <ClInclude Include="Source\widgets\list_widget.hpp">
      <Filter>Source\widgets</Filter>
    </ClInclude>
    <ClInclude Include="Source\widgets\cnames_widget.hpp">
      <Filter>Source\widgets</Filter>
    </ClInclude>
    <ClInclude Include="Source\widgets\node_editors\Systems.hpp">
      <Filter>Source\widgets\node_editors</Filter>
    </ClInclude>
    <ClInclude Include="Source\cserialization\csystem\CPropertyBase.hpp" />
    <ClInclude Include="Source\cpinternals\cpenums.hpp">
      <Filter>Source\cpinternals</Filter>
    </ClInclude>
    <ClInclude Include="Source\AppLib\imgui_impl_dx11.h">
      <Filter>Source\AppLib</Filter>
    </ClInclude>
    <ClInclude Include="Source\AppLib\imgui_impl_win32.h">
      <Filter>Source\AppLib</Filter>
    </ClInclude>
    <ClInclude Include="Source\AppLib\imgui\imconfig.h">
      <Filter>Source\AppLib\imgui</Filter>
    </ClInclude>
    <ClInclude Include="Source\AppLib\imgui\imgui.h">
      <Filter>Source\AppLib\imgui</Filter>
    </ClInclude>
    <ClInclude Include="Source\AppLib\imgui\imgui_internal.h">
      <Filter>Source\AppLib\imgui</Filter>
    </ClInclude>
    <ClInclude Include="Source\AppLib\imgui\imstb_rectpack.h">
      <Filter>Source\AppLib\imgui</Filter>
    </ClInclude>
    <ClInclude Include="Source\AppLib\imgui\imstb_textedit.h">
      <Filter>Source\AppLib\imgui</Filter>
    </ClInclude>
    <ClInclude Include="Source\AppLib\imgui\imstb_truetype.h">
      <Filter>Source\AppLib\imgui</Filter>
    </ClInclude>
    <ClInclude Include="Source\csav\csav.hpp">
      <Filter>Source\csav</Filter>
    </ClInclude>
    <ClInclude Include="Source\csav\csav_version.hpp">
      <Filter>Source\csav</Filter>
    </ClInclude>
    <ClInclude Include="Source\csav\node.hpp">
      <Filter>Source\csav</Filter>
    </ClInclude>
    <ClInclude Include="Source\csav\serializers.hpp">
      <Filter>Source\csav</Filter>
    </ClInclude>
    <ClInclude Include="Source\csav\csystem\CObject.hpp">
      <Filter>Source\csav\csystem</Filter>
    </ClInclude>
    <ClInclude Include="Source\csav\csystem\CProperty.hpp">
      <Filter>Source\csav\csystem</Filter>
    </ClInclude>
    <ClInclude Include="Source\csav\csystem\CPropertyBase.hpp">
      <Filter>Source\csav\csystem</Filter>
    </ClInclude>
    <ClInclude Include="Source\csav\csystem\CPropertyFactory.hpp">
      <Filter>Source\csav\csystem</Filter>
    </ClInclude>
    <ClInclude Include="Source\csav\csystem\CStringPool.hpp">
      <Filter>Source\csav\csystem</Filter>
    </ClInclude>
    <ClInclude Include="Source\csav\csystem\CSystem.hpp">
      <Filter>Source\csav\csystem</Filter>
    </ClInclude>
    <ClInclude Include="Source\csav\cnodes\CCharacterCustomization.hpp">
      <Filter>Source\csav\cnodes</Filter>
    </ClInclude>
    <ClInclude Include="Source\csav\cnodes\CInventory.hpp">
      <Filter>Source\csav\cnodes</Filter>
    </ClInclude>
    <ClInclude Include="Source\csav\cnodes\CItemData.hpp">
      <Filter>Source\csav\cnodes</Filter>
    </ClInclude>
    <ClInclude Include="Source\ps_json_storage.hpp">
      <Filter>Source</Filter>
    </ClInclude>
    <ClInclude Include="Source\csav\csystem\CSystemSerCtx.hpp">
      <Filter>Source\csav\csystem</Filter>
    </ClInclude>
    <ClInclude Include="Source\csav\csystem\fwd.hpp">
      <Filter>Source\csav\csystem</Filter>
    </ClInclude>
    <ClInclude Include="Source\csav\csystem\CObjectBP.hpp">
      <Filter>Source\csav\csystem</Filter>
    </ClInclude>
    <ClInclude Include="Source\csav\cnodes\CPSData.hpp">
      <Filter>Source\csav\cnodes</Filter>
    </ClInclude>
    <ClInclude Include="Source\csav\cnodes\CStatsPool.hpp">
      <Filter>Source\csav\cnodes</Filter>
    </ClInclude>
    <ClInclude Include="Source\csav\cnodes.hpp">
      <Filter>Source\csav</Filter>
    </ClInclude>
    <ClInclude Include="Source\csav\cnodes\CGenericSystem.hpp">
      <Filter>Source\csav\cnodes</Filter>
    </ClInclude>
    <ClInclude Include="Source\csav\serial_tree.hpp">
      <Filter>Source\csav</Filter>
    </ClInclude>
    <ClInclude Include="Source\csav\cnodes\CStats.hpp">
      <Filter>Source\csav\cnodes</Filter>
    </ClInclude>
    <ClInclude Include="Source\external\spdlog\async.h">
      <Filter>Source\external\spdlog</Filter>
    </ClInclude>
    <ClInclude Include="Source\external\spdlog\async_logger.h">
      <Filter>Source\external\spdlog</Filter>
    </ClInclude>
    <ClInclude Include="Source\external\spdlog\async_logger-inl.h">
      <Filter>Source\external\spdlog</Filter>
    </ClInclude>
    <ClInclude Include="Source\external\spdlog\common.h">
      <Filter>Source\external\spdlog</Filter>
    </ClInclude>
    <ClInclude Include="Source\external\spdlog\common-inl.h">
      <Filter>Source\external\spdlog</Filter>
    </ClInclude>
    <ClInclude Include="Source\external\spdlog\formatter.h">
      <Filter>Source\external\spdlog</Filter>
    </ClInclude>
    <ClInclude Include="Source\external\spdlog\fwd.h">
      <Filter>Source\external\spdlog</Filter>
    </ClInclude>
    <ClInclude Include="Source\external\spdlog\logger.h">
      <Filter>Source\external\spdlog</Filter>
    </ClInclude>
    <ClInclude Include="Source\external\spdlog\logger-inl.h">
      <Filter>Source\external\spdlog</Filter>
    </ClInclude>
    <ClInclude Include="Source\external\spdlog\pattern_formatter.h">
      <Filter>Source\external\spdlog</Filter>
    </ClInclude>
    <ClInclude Include="Source\external\spdlog\pattern_formatter-inl.h">
      <Filter>Source\external\spdlog</Filter>
    </ClInclude>
    <ClInclude Include="Source\external\spdlog\spdlog.h">
      <Filter>Source\external\spdlog</Filter>
    </ClInclude>
    <ClInclude Include="Source\external\spdlog\spdlog-inl.h">
      <Filter>Source\external\spdlog</Filter>
    </ClInclude>
    <ClInclude Include="Source\external\spdlog\stopwatch.h">
      <Filter>Source\external\spdlog</Filter>
    </ClInclude>
    <ClInclude Include="Source\external\spdlog\tweakme.h">
      <Filter>Source\external\spdlog</Filter>
    </ClInclude>
    <ClInclude Include="Source\external\spdlog\version.h">
      <Filter>Source\external\spdlog</Filter>
    </ClInclude>
    <ClInclude Include="Source\external\spdlog\sinks\daily_file_sink.h">
      <Filter>Source\external\spdlog\sinks</Filter>
    </ClInclude>
    <ClInclude Include="Source\external\spdlog\sinks\dist_sink.h">
      <Filter>Source\external\spdlog\sinks</Filter>
    </ClInclude>
    <ClInclude Include="Source\external\spdlog\sinks\dup_filter_sink.h">
      <Filter>Source\external\spdlog\sinks</Filter>
    </ClInclude>
    <ClInclude Include="Source\external\spdlog\sinks\hourly_file_sink.h">
      <Filter>Source\external\spdlog\sinks</Filter>
    </ClInclude>
    <ClInclude Include="Source\external\spdlog\sinks\msvc_sink.h">
      <Filter>Source\external\spdlog\sinks</Filter>
    </ClInclude>
    <ClInclude Include="Source\external\spdlog\sinks\null_sink.h">
      <Filter>Source\external\spdlog\sinks</Filter>
    </ClInclude>
    <ClInclude Include="Source\external\spdlog\sinks\ostream_sink.h">
      <Filter>Source\external\spdlog\sinks</Filter>
    </ClInclude>
    <ClInclude Include="Source\external\spdlog\sinks\ringbuffer_sink.h">
      <Filter>Source\external\spdlog\sinks</Filter>
    </ClInclude>
    <ClInclude Include="Source\external\spdlog\sinks\rotating_file_sink.h">
      <Filter>Source\external\spdlog\sinks</Filter>
    </ClInclude>
    <ClInclude Include="Source\external\spdlog\sinks\rotating_file_sink-inl.h">
      <Filter>Source\external\spdlog\sinks</Filter>
    </ClInclude>
    <ClInclude Include="Source\external\spdlog\sinks\sink.h">
      <Filter>Source\external\spdlog\sinks</Filter>
    </ClInclude>
    <ClInclude Include="Source\external\spdlog\sinks\sink-inl.h">
      <Filter>Source\external\spdlog\sinks</Filter>
    </ClInclude>
    <ClInclude Include="Source\external\spdlog\sinks\stdout_color_sinks.h">
      <Filter>Source\external\spdlog\sinks</Filter>
    </ClInclude>
    <ClInclude Include="Source\external\spdlog\sinks\stdout_color_sinks-inl.h">
      <Filter>Source\external\spdlog\sinks</Filter>
    </ClInclude>
    <ClInclude Include="Source\external\spdlog\sinks\stdout_sinks.h">
      <Filter>Source\external\spdlog\sinks</Filter>
    </ClInclude>
    <ClInclude Include="Source\external\spdlog\sinks\stdout_sinks-inl.h">
      <Filter>Source\external\spdlog\sinks</Filter>
    </ClInclude>
    <ClInclude Include="Source\external\spdlog\sinks\syslog_sink.h">
      <Filter>Source\external\spdlog\sinks</Filter>
    </ClInclude>
    <ClInclude Include="Source\external\spdlog\sinks\systemd_sink.h">
      <Filter>Source\external\spdlog\sinks</Filter>
    </ClInclude>
    <ClInclude Include="Source\external\spdlog\sinks\tcp_sink.h">
      <Filter>Source\external\spdlog\sinks</Filter>
    </ClInclude>
    <ClInclude Include="Source\external\spdlog\sinks\win_eventlog_sink.h">
      <Filter>Source\external\spdlog\sinks</Filter>
    </ClInclude>
    <ClInclude Include="Source\external\spdlog\sinks\wincolor_sink.h">
      <Filter>Source\external\spdlog\sinks</Filter>
    </ClInclude>
    <ClInclude Include="Source\external\spdlog\sinks\wincolor_sink-inl.h">
      <Filter>Source\external\spdlog\sinks</Filter>
    </ClInclude>
    <ClInclude Include="Source\external\spdlog\sinks\android_sink.h">
      <Filter>Source\external\spdlog\sinks</Filter>
    </ClInclude>
    <ClInclude Include="Source\external\spdlog\sinks\ansicolor_sink.h">
      <Filter>Source\external\spdlog\sinks</Filter>
    </ClInclude>
    <ClInclude Include="Source\external\spdlog\sinks\ansicolor_sink-inl.h">
      <Filter>Source\external\spdlog\sinks</Filter>
    </ClInclude>
    <ClInclude Include="Source\external\spdlog\sinks\base_sink.h">
      <Filter>Source\external\spdlog\sinks</Filter>
    </ClInclude>
    <ClInclude Include="Source\external\spdlog\sinks\base_sink-inl.h">
      <Filter>Source\external\spdlog\sinks</Filter>
    </ClInclude>
    <ClInclude Include="Source\external\spdlog\sinks\basic_file_sink.h">
      <Filter>Source\external\spdlog\sinks</Filter>
    </ClInclude>
    <ClInclude Include="Source\external\spdlog\sinks\basic_file_sink-inl.h">
      <Filter>Source\external\spdlog\sinks</Filter>
    </ClInclude>
    <ClInclude Include="Source\external\spdlog\fmt\bundled\chrono.h">
      <Filter>Source\external\spdlog\fmt\bundled</Filter>
    </ClInclude>
    <ClInclude Include="Source\external\spdlog\fmt\bundled\color.h">
      <Filter>Source\external\spdlog\fmt\bundled</Filter>
    </ClInclude>
    <ClInclude Include="Source\external\spdlog\fmt\bundled\compile.h">
      <Filter>Source\external\spdlog\fmt\bundled</Filter>
    </ClInclude>
    <ClInclude Include="Source\external\spdlog\fmt\bundled\core.h">
      <Filter>Source\external\spdlog\fmt\bundled</Filter>
    </ClInclude>
    <ClInclude Include="Source\external\spdlog\fmt\bundled\format.h">
      <Filter>Source\external\spdlog\fmt\bundled</Filter>
    </ClInclude>
    <ClInclude Include="Source\external\spdlog\fmt\bundled\format-inl.h">
      <Filter>Source\external\spdlog\fmt\bundled</Filter>
    </ClInclude>
    <ClInclude Include="Source\external\spdlog\fmt\bundled\locale.h">
      <Filter>Source\external\spdlog\fmt\bundled</Filter>
    </ClInclude>
    <ClInclude Include="Source\external\spdlog\fmt\bundled\os.h">
      <Filter>Source\external\spdlog\fmt\bundled</Filter>
    </ClInclude>
    <ClInclude Include="Source\external\spdlog\fmt\bundled\ostream.h">
      <Filter>Source\external\spdlog\fmt\bundled</Filter>
    </ClInclude>
    <ClInclude Include="Source\external\spdlog\fmt\bundled\posix.h">
      <Filter>Source\external\spdlog\fmt\bundled</Filter>
    </ClInclude>
    <ClInclude Include="Source\external\spdlog\fmt\bundled\printf.h">
      <Filter>Source\external\spdlog\fmt\bundled</Filter>
    </ClInclude>
    <ClInclude Include="Source\external\spdlog\fmt\bundled\ranges.h">
      <Filter>Source\external\spdlog\fmt\bundled</Filter>
    </ClInclude>
    <ClInclude Include="Source\external\spdlog\fmt\bin_to_hex.h">
      <Filter>Source\external\spdlog\fmt</Filter>
    </ClInclude>
    <ClInclude Include="Source\external\spdlog\fmt\chrono.h">
      <Filter>Source\external\spdlog\fmt</Filter>
    </ClInclude>
    <ClInclude Include="Source\external\spdlog\fmt\fmt.h">
      <Filter>Source\external\spdlog\fmt</Filter>
    </ClInclude>
    <ClInclude Include="Source\external\spdlog\fmt\ostr.h">
      <Filter>Source\external\spdlog\fmt</Filter>
    </ClInclude>
    <ClInclude Include="Source\external\spdlog\details\backtracer.h">
      <Filter>Source\external\spdlog\details</Filter>
    </ClInclude>
    <ClInclude Include="Source\external\spdlog\details\backtracer-inl.h">
      <Filter>Source\external\spdlog\details</Filter>
    </ClInclude>
    <ClInclude Include="Source\external\spdlog\details\circular_q.h">
      <Filter>Source\external\spdlog\details</Filter>
    </ClInclude>
    <ClInclude Include="Source\external\spdlog\details\console_globals.h">
      <Filter>Source\external\spdlog\details</Filter>
    </ClInclude>
    <ClInclude Include="Source\external\spdlog\details\file_helper.h">
      <Filter>Source\external\spdlog\details</Filter>
    </ClInclude>
    <ClInclude Include="Source\external\spdlog\details\file_helper-inl.h">
      <Filter>Source\external\spdlog\details</Filter>
    </ClInclude>
    <ClInclude Include="Source\external\spdlog\details\fmt_helper.h">
      <Filter>Source\external\spdlog\details</Filter>
    </ClInclude>
    <ClInclude Include="Source\external\spdlog\details\log_msg.h">
      <Filter>Source\external\spdlog\details</Filter>
    </ClInclude>
    <ClInclude Include="Source\external\spdlog\details\log_msg_buffer.h">
      <Filter>Source\external\spdlog\details</Filter>
    </ClInclude>
    <ClInclude Include="Source\external\spdlog\details\log_msg_buffer-inl.h">
      <Filter>Source\external\spdlog\details</Filter>
    </ClInclude>
    <ClInclude Include="Source\external\spdlog\details\log_msg-inl.h">
      <Filter>Source\external\spdlog\details</Filter>
    </ClInclude>
    <ClInclude Include="Source\external\spdlog\details\mpmc_blocking_q.h">
      <Filter>Source\external\spdlog\details</Filter>
    </ClInclude>
    <ClInclude Include="Source\external\spdlog\details\null_mutex.h">
      <Filter>Source\external\spdlog\details</Filter>
    </ClInclude>
    <ClInclude Include="Source\external\spdlog\details\os.h">
      <Filter>Source\external\spdlog\details</Filter>
    </ClInclude>
    <ClInclude Include="Source\external\spdlog\details\os-inl.h">
      <Filter>Source\external\spdlog\details</Filter>
    </ClInclude>
    <ClInclude Include="Source\external\spdlog\details\periodic_worker.h">
      <Filter>Source\external\spdlog\details</Filter>
    </ClInclude>
    <ClInclude Include="Source\external\spdlog\details\periodic_worker-inl.h">
      <Filter>Source\external\spdlog\details</Filter>
    </ClInclude>
    <ClInclude Include="Source\external\spdlog\details\registry.h">
      <Filter>Source\external\spdlog\details</Filter>
    </ClInclude>
    <ClInclude Include="Source\external\spdlog\details\registry-inl.h">
      <Filter>Source\external\spdlog\details</Filter>
    </ClInclude>
    <ClInclude Include="Source\external\spdlog\details\synchronous_factory.h">
      <Filter>Source\external\spdlog\details</Filter>
    </ClInclude>
    <ClInclude Include="Source\external\spdlog\details\tcp_client.h">
      <Filter>Source\external\spdlog\details</Filter>
    </ClInclude>
    <ClInclude Include="Source\external\spdlog\details\tcp_client-windows.h">
      <Filter>Source\external\spdlog\details</Filter>
    </ClInclude>
    <ClInclude Include="Source\external\spdlog\details\thread_pool.h">
      <Filter>Source\external\spdlog\details</Filter>
    </ClInclude>
    <ClInclude Include="Source\external\spdlog\details\thread_pool-inl.h">
      <Filter>Source\external\spdlog\details</Filter>
    </ClInclude>
    <ClInclude Include="Source\external\spdlog\details\windows_include.h">
      <Filter>Source\external\spdlog\details</Filter>
    </ClInclude>
    <ClInclude Include="Source\external\spdlog\cfg\argv.h">
      <Filter>Source\external\spdlog\cfg</Filter>
    </ClInclude>
    <ClInclude Include="Source\external\spdlog\cfg\env.h">
      <Filter>Source\external\spdlog\cfg</Filter>
    </ClInclude>
    <ClInclude Include="Source\external\spdlog\cfg\helpers.h">
      <Filter>Source\external\spdlog\cfg</Filter>
    </ClInclude>
    <ClInclude Include="Source\external\spdlog\cfg\helpers-inl.h">
      <Filter>Source\external\spdlog\cfg</Filter>
    </ClInclude>
  </ItemGroup>
  <ItemGroup>
    <CopyFileToFolders Include="Resources\CNames.json">
      <Filter>Resources</Filter>
    </CopyFileToFolders>
    <CopyFileToFolders Include="Resources\TweakDBIDs.json">
      <Filter>Resources</Filter>
    </CopyFileToFolders>
    <CopyFileToFolders Include="Resources\CEnums.json">
      <Filter>Resources</Filter>
    </CopyFileToFolders>
    <CopyFileToFolders Include="Resources\CObjectBPs.json">
      <Filter>Resources</Filter>
    </CopyFileToFolders>
  </ItemGroup>
  <ItemGroup>
    <None Include="Source\external\spdlog\fmt\bundled\LICENSE.rst">
      <Filter>Source\external\spdlog\fmt\bundled</Filter>
    </None>
  </ItemGroup>
</Project>