
Microsoft Visual Studio Solution File, Format Version 12.00
# Visual Studio Version 16
VisualStudioVersion = 16.0.30320.27
MinimumVisualStudioVersion = 10.0.40219.1
Project("{8BC9CEB8-8B4A-11D0-8D11-00A0C91BC942}") = "CP77Formats", "CPSEApp.vcxproj", "{BB6106AA-32C4-4F09-B978-27C527F0B3B7}"
EndProject
Project("{8BC9CEB8-8B4A-11D0-8D11-00A0C91BC942}") = "ResearchDLL", "ResearchDLL\ResearchDLL.vcxproj", "{6271DBD6-0D8B-40EE-A59F-213133D55207}"
EndProject
Project("{8BC9CEB8-8B4A-11D0-8D11-00A0C91BC942}") = "SaveEditor", "SaveEditor\SaveEditor.vcxproj", "{808582F6-5C83-4C12-BA2D-F8C8CE40AEFB}"
	ProjectSection(ProjectDependencies) = postProject
		{BB6106AA-32C4-4F09-B978-27C527F0B3B7} = {BB6106AA-32C4-4F09-B978-27C527F0B3B7}
	EndProjectSection
EndProject
Project("{8BC9CEB8-8B4A-11D0-8D11-00A0C91BC942}") = "TweakdbEditor", "TweakdbEditor\TweakdbEditor.vcxproj", "{4E368C5B-0B6C-4DE6-BC5D-046200481B65}"
	ProjectSection(ProjectDependencies) = postProject
		{BB6106AA-32C4-4F09-B978-27C527F0B3B7} = {BB6106AA-32C4-4F09-B978-27C527F0B3B7}
	EndProjectSection
EndProject
Global
	GlobalSection(SolutionConfigurationPlatforms) = preSolution
		Debug|x64 = Debug|x64
		Debug|x86 = Debug|x86
		Release|x64 = Release|x64
		Release|x86 = Release|x86
		RelWithDeb|x64 = RelWithDeb|x64
		RelWithDeb|x86 = RelWithDeb|x86
	EndGlobalSection
	GlobalSection(ProjectConfigurationPlatforms) = postSolution
		{BB6106AA-32C4-4F09-B978-27C527F0B3B7}.Debug|x64.ActiveCfg = Debug|x64
		{BB6106AA-32C4-4F09-B978-27C527F0B3B7}.Debug|x64.Build.0 = Debug|x64
		{BB6106AA-32C4-4F09-B978-27C527F0B3B7}.Debug|x86.ActiveCfg = Debug|x64
		{BB6106AA-32C4-4F09-B978-27C527F0B3B7}.Release|x64.ActiveCfg = Release|x64
		{BB6106AA-32C4-4F09-B978-27C527F0B3B7}.Release|x64.Build.0 = Release|x64
		{BB6106AA-32C4-4F09-B978-27C527F0B3B7}.Release|x86.ActiveCfg = Release|x64
		{BB6106AA-32C4-4F09-B978-27C527F0B3B7}.RelWithDeb|x64.ActiveCfg = RelWithDeb|x64
		{BB6106AA-32C4-4F09-B978-27C527F0B3B7}.RelWithDeb|x64.Build.0 = RelWithDeb|x64
		{BB6106AA-32C4-4F09-B978-27C527F0B3B7}.RelWithDeb|x86.ActiveCfg = RelWithDeb|x64
		{6271DBD6-0D8B-40EE-A59F-213133D55207}.Debug|x64.ActiveCfg = Debug|x64
		{6271DBD6-0D8B-40EE-A59F-213133D55207}.Debug|x64.Build.0 = Debug|x64
		{6271DBD6-0D8B-40EE-A59F-213133D55207}.Debug|x86.ActiveCfg = Debug|Win32
		{6271DBD6-0D8B-40EE-A59F-213133D55207}.Debug|x86.Build.0 = Debug|Win32
		{6271DBD6-0D8B-40EE-A59F-213133D55207}.Release|x64.ActiveCfg = Release|x64
		{6271DBD6-0D8B-40EE-A59F-213133D55207}.Release|x64.Build.0 = Release|x64
		{6271DBD6-0D8B-40EE-A59F-213133D55207}.Release|x86.ActiveCfg = Release|Win32
		{6271DBD6-0D8B-40EE-A59F-213133D55207}.Release|x86.Build.0 = Release|Win32
		{6271DBD6-0D8B-40EE-A59F-213133D55207}.RelWithDeb|x64.ActiveCfg = Release|x64
		{6271DBD6-0D8B-40EE-A59F-213133D55207}.RelWithDeb|x64.Build.0 = Release|x64
		{6271DBD6-0D8B-40EE-A59F-213133D55207}.RelWithDeb|x86.ActiveCfg = Release|Win32
		{6271DBD6-0D8B-40EE-A59F-213133D55207}.RelWithDeb|x86.Build.0 = Release|Win32
		{808582F6-5C83-4C12-BA2D-F8C8CE40AEFB}.Debug|x64.ActiveCfg = Debug|x64
		{808582F6-5C83-4C12-BA2D-F8C8CE40AEFB}.Debug|x64.Build.0 = Debug|x64
		{808582F6-5C83-4C12-BA2D-F8C8CE40AEFB}.Debug|x86.ActiveCfg = Debug|Win32
		{808582F6-5C83-4C12-BA2D-F8C8CE40AEFB}.Debug|x86.Build.0 = Debug|Win32
		{808582F6-5C83-4C12-BA2D-F8C8CE40AEFB}.Release|x64.ActiveCfg = Release|x64
		{808582F6-5C83-4C12-BA2D-F8C8CE40AEFB}.Release|x64.Build.0 = Release|x64
		{808582F6-5C83-4C12-BA2D-F8C8CE40AEFB}.Release|x86.ActiveCfg = Release|Win32
		{808582F6-5C83-4C12-BA2D-F8C8CE40AEFB}.Release|x86.Build.0 = Release|Win32
		{808582F6-5C83-4C12-BA2D-F8C8CE40AEFB}.RelWithDeb|x64.ActiveCfg = Release|x64
		{808582F6-5C83-4C12-BA2D-F8C8CE40AEFB}.RelWithDeb|x64.Build.0 = Release|x64
		{808582F6-5C83-4C12-BA2D-F8C8CE40AEFB}.RelWithDeb|x86.ActiveCfg = Release|Win32
		{808582F6-5C83-4C12-BA2D-F8C8CE40AEFB}.RelWithDeb|x86.Build.0 = Release|Win32
		{4E368C5B-0B6C-4DE6-BC5D-046200481B65}.Debug|x64.ActiveCfg = Debug|x64
		{4E368C5B-0B6C-4DE6-BC5D-046200481B65}.Debug|x64.Build.0 = Debug|x64
		{4E368C5B-0B6C-4DE6-BC5D-046200481B65}.Debug|x86.ActiveCfg = Debug|Win32
		{4E368C5B-0B6C-4DE6-BC5D-046200481B65}.Debug|x86.Build.0 = Debug|Win32
		{4E368C5B-0B6C-4DE6-BC5D-046200481B65}.Release|x64.ActiveCfg = Release|x64
		{4E368C5B-0B6C-4DE6-BC5D-046200481B65}.Release|x64.Build.0 = Release|x64
		{4E368C5B-0B6C-4DE6-BC5D-046200481B65}.Release|x86.ActiveCfg = Release|Win32
		{4E368C5B-0B6C-4DE6-BC5D-046200481B65}.Release|x86.Build.0 = Release|Win32
		{4E368C5B-0B6C-4DE6-BC5D-046200481B65}.RelWithDeb|x64.ActiveCfg = Release|x64
		{4E368C5B-0B6C-4DE6-BC5D-046200481B65}.RelWithDeb|x64.Build.0 = Release|x64
		{4E368C5B-0B6C-4DE6-BC5D-046200481B65}.RelWithDeb|x86.ActiveCfg = Release|Win32
		{4E368C5B-0B6C-4DE6-BC5D-046200481B65}.RelWithDeb|x86.Build.0 = Release|Win32
	EndGlobalSection
	GlobalSection(SolutionProperties) = preSolution
		HideSolutionNode = FALSE
	EndGlobalSection
	GlobalSection(ExtensibilityGlobals) = postSolution
		SolutionGuid = {3601E2A7-A1F3-49DC-8692-F18731E174ED}
	EndGlobalSection
EndGlobal
