<?xml version="1.0" encoding="utf-8"?>
<Project ToolsVersion="4.0" xmlns="http://schemas.microsoft.com/developer/msbuild/2003">
  <ItemGroup>
    <Filter Include="Source">
      <UniqueIdentifier>{4FC737F1-C7A5-4376-A066-2A32D752A2FF}</UniqueIdentifier>
      <Extensions>cpp;c;cc;cxx;def;odl;idl;hpj;bat;asm;asmx</Extensions>
    </Filter>
    <Filter Include="Source\AppLib">
      <UniqueIdentifier>{3a1a7485-1020-4b9e-9da6-d809a4007692}</UniqueIdentifier>
    </Filter>
    <Filter Include="Source\AppLib\imgui">
      <UniqueIdentifier>{40b65cf4-c0c5-4c22-8287-0ccce19133bc}</UniqueIdentifier>
    </Filter>
    <Filter Include="Source\AppLib\imgui\imgui">
      <UniqueIdentifier>{c4d38a95-72f6-4972-b95c-5017a8b21ae3}</UniqueIdentifier>
    </Filter>
    <Filter Include="Source\imgui_extras">
      <UniqueIdentifier>{ce933798-dbe5-4392-8de2-c5e49012149c}</UniqueIdentifier>
    </Filter>
    <Filter Include="Source\cserialization">
      <UniqueIdentifier>{88d91336-c576-4e5c-9fa2-ef2440c28e1a}</UniqueIdentifier>
    </Filter>
    <Filter Include="Source\widgets">
      <UniqueIdentifier>{5dd5b1e8-7255-4981-8e35-c8166bf50ae7}</UniqueIdentifier>
    </Filter>
    <Filter Include="Source\cserialization\cnodes">
      <UniqueIdentifier>{5afc6430-c459-4483-815c-e6a6adfebb5c}</UniqueIdentifier>
    </Filter>
    <Filter Include="Source\external">
      <UniqueIdentifier>{145ed9b9-b2de-4237-a01c-ea74307ab50d}</UniqueIdentifier>
    </Filter>
    <Filter Include="Source\external\nlohmann">
      <UniqueIdentifier>{efc1694a-8628-4f4c-a916-98b9f7e6c5bd}</UniqueIdentifier>
    </Filter>
    <Filter Include="Source\external\xlz4">
      <UniqueIdentifier>{ee3e378e-7423-40f9-8c33-76ee06357750}</UniqueIdentifier>
    </Filter>
    <Filter Include="Source\widgets\node_editors">
      <UniqueIdentifier>{2229f702-6812-40b2-87f4-f8eac67cff6a}</UniqueIdentifier>
    </Filter>
    <Filter Include="Source\cpinternals">
      <UniqueIdentifier>{09b1fce1-30a3-4684-b834-7bac9fa99a4c}</UniqueIdentifier>
    </Filter>
    <Filter Include="Resources">
      <UniqueIdentifier>{67DA6AB6-F800-4c08-8B7A-83BB121AAD01}</UniqueIdentifier>
      <Extensions>json;rc;ico;cur;bmp;dlg;rc2;rct;bin;rgs;gif;jpg;jpeg;jpe;resx;tiff;tif;png;wav;mfcribbon-ms</Extensions>
    </Filter>
    <Filter Include="Source\external\fmt">
      <UniqueIdentifier>{c7990d27-362c-4853-947c-e569eca68605}</UniqueIdentifier>
    </Filter>
  </ItemGroup>
  <ItemGroup>
    <ClCompile Include="Source\AppLib\IApp.cpp">
      <Filter>Source\AppLib</Filter>
    </ClCompile>
    <ClCompile Include="Source\AppLib\imgui\imgui_impl_dx11.cpp">
      <Filter>Source\AppLib\imgui</Filter>
    </ClCompile>
    <ClCompile Include="Source\AppLib\imgui\imgui_impl_win32.cpp">
      <Filter>Source\AppLib\imgui</Filter>
    </ClCompile>
    <ClCompile Include="Source\utils.cpp">
      <Filter>Source</Filter>
    </ClCompile>
    <ClCompile Include="Source\AppLib\imgui\imgui\imgui.cpp">
      <Filter>Source\AppLib\imgui\imgui</Filter>
    </ClCompile>
    <ClCompile Include="Source\AppLib\imgui\imgui\imgui_demo.cpp">
      <Filter>Source\AppLib\imgui\imgui</Filter>
    </ClCompile>
    <ClCompile Include="Source\AppLib\imgui\imgui\imgui_draw.cpp">
      <Filter>Source\AppLib\imgui\imgui</Filter>
    </ClCompile>
    <ClCompile Include="Source\AppLib\imgui\imgui\imgui_tables.cpp">
      <Filter>Source\AppLib\imgui\imgui</Filter>
    </ClCompile>
    <ClCompile Include="Source\AppLib\imgui\imgui\imgui_widgets.cpp">
      <Filter>Source\AppLib\imgui\imgui</Filter>
    </ClCompile>
    <ClCompile Include="Source\main.cpp">
      <Filter>Source</Filter>
    </ClCompile>
    <ClCompile Include="Source\external\xlz4\lz4.c">
      <Filter>Source\external\xlz4</Filter>
    </ClCompile>
    <ClCompile Include="Source\cserialization\csav.cpp">
      <Filter>Source\cserialization</Filter>
    </ClCompile>
    <ClCompile Include="Source\cpinternals\cpnames.cpp">
      <Filter>Source\cpinternals</Filter>
    </ClCompile>
    <ClCompile Include="Source\external\fmt\format.cc">
      <Filter>Source\external\fmt</Filter>
    </ClCompile>
    <ClCompile Include="Source\external\fmt\os.cc">
      <Filter>Source\external\fmt</Filter>
    </ClCompile>
  </ItemGroup>
  <ItemGroup>
    <ClInclude Include="Source\AppLib\imgui\imgui_impl_dx11.h">
      <Filter>Source\AppLib\imgui</Filter>
    </ClInclude>
    <ClInclude Include="Source\AppLib\imgui\imgui_impl_win32.h">
      <Filter>Source\AppLib\imgui</Filter>
    </ClInclude>
    <ClInclude Include="Source\AppLib\pch.h">
      <Filter>Source\AppLib</Filter>
    </ClInclude>
    <ClInclude Include="Source\imgui_extras\imgui_filebrowser.hpp">
      <Filter>Source\imgui_extras</Filter>
    </ClInclude>
    <ClInclude Include="Source\AppLib\imgui\imgui\imconfig.h">
      <Filter>Source\AppLib\imgui\imgui</Filter>
    </ClInclude>
    <ClInclude Include="Source\AppLib\imgui\imgui\imgui.h">
      <Filter>Source\AppLib\imgui\imgui</Filter>
    </ClInclude>
    <ClInclude Include="Source\AppLib\imgui\imgui\imgui_internal.h">
      <Filter>Source\AppLib\imgui\imgui</Filter>
    </ClInclude>
    <ClInclude Include="Source\AppLib\imgui\imgui\imstb_rectpack.h">
      <Filter>Source\AppLib\imgui\imgui</Filter>
    </ClInclude>
    <ClInclude Include="Source\AppLib\imgui\imgui\imstb_textedit.h">
      <Filter>Source\AppLib\imgui\imgui</Filter>
    </ClInclude>
    <ClInclude Include="Source\AppLib\imgui\imgui\imstb_truetype.h">
      <Filter>Source\AppLib\imgui\imgui</Filter>
    </ClInclude>
    <ClInclude Include="Source\AppLib\stb_image.h">
      <Filter>Source\AppLib</Filter>
    </ClInclude>
    <ClInclude Include="Source\cserialization\node.hpp">
      <Filter>Source\cserialization</Filter>
    </ClInclude>
    <ClInclude Include="Source\external\nlohmann\json.hpp">
      <Filter>Source\external\nlohmann</Filter>
    </ClInclude>
    <ClInclude Include="Source\external\xlz4\lz4.h">
      <Filter>Source\external\xlz4</Filter>
    </ClInclude>
    <ClInclude Include="Source\cserialization\csav.hpp">
      <Filter>Source\cserialization</Filter>
    </ClInclude>
    <ClInclude Include="Source\widgets\csav_widget.hpp">
      <Filter>Source\widgets</Filter>
    </ClInclude>
    <ClInclude Include="Source\cserialization\cnodes\CInventory.hpp">
      <Filter>Source\cserialization\cnodes</Filter>
    </ClInclude>
    <ClInclude Include="Source\cserialization\cnodes\CItemData.hpp">
      <Filter>Source\cserialization\cnodes</Filter>
    </ClInclude>
    <ClInclude Include="Source\widgets\csav_experimental.hpp">
      <Filter>Source\widgets</Filter>
    </ClInclude>
    <ClInclude Include="Source\external\span.hpp">
      <Filter>Source\external</Filter>
    </ClInclude>
    <ClInclude Include="Source\imgui_extras\imgui_memory_editor.hpp">
      <Filter>Source\imgui_extras</Filter>
    </ClInclude>
    <ClInclude Include="Source\widgets\node_editors\inventory.hpp">
      <Filter>Source\widgets\node_editors</Filter>
    </ClInclude>
    <ClInclude Include="Source\widgets\node_editors\hexedit.hpp">
      <Filter>Source\widgets\node_editors</Filter>
    </ClInclude>
    <ClInclude Include="Source\widgets\node_editors.hpp">
      <Filter>Source\widgets</Filter>
    </ClInclude>
    <ClInclude Include="Source\widgets\node_editors\node_editor.hpp">
      <Filter>Source\widgets\node_editors</Filter>
    </ClInclude>
    <ClInclude Include="Source\utils.hpp">
      <Filter>Source</Filter>
    </ClInclude>
    <ClInclude Include="Source\widgets\hexeditor_windows_mgr.hpp">
      <Filter>Source\widgets</Filter>
    </ClInclude>
    <ClInclude Include="Source\cserialization\serializers.hpp">
      <Filter>Source\cserialization</Filter>
    </ClInclude>
    <ClInclude Include="Source\external\fmt\chrono.h">
      <Filter>Source\external\fmt</Filter>
    </ClInclude>
    <ClInclude Include="Source\external\fmt\color.h">
      <Filter>Source\external\fmt</Filter>
    </ClInclude>
    <ClInclude Include="Source\external\fmt\compile.h">
      <Filter>Source\external\fmt</Filter>
    </ClInclude>
    <ClInclude Include="Source\external\fmt\core.h">
      <Filter>Source\external\fmt</Filter>
    </ClInclude>
    <ClInclude Include="Source\external\fmt\format.h">
      <Filter>Source\external\fmt</Filter>
    </ClInclude>
    <ClInclude Include="Source\external\fmt\format-inl.h">
      <Filter>Source\external\fmt</Filter>
    </ClInclude>
    <ClInclude Include="Source\external\fmt\locale.h">
      <Filter>Source\external\fmt</Filter>
    </ClInclude>
    <ClInclude Include="Source\external\fmt\os.h">
      <Filter>Source\external\fmt</Filter>
    </ClInclude>
    <ClInclude Include="Source\external\fmt\ostream.h">
      <Filter>Source\external\fmt</Filter>
    </ClInclude>
    <ClInclude Include="Source\external\fmt\posix.h">
      <Filter>Source\external\fmt</Filter>
    </ClInclude>
    <ClInclude Include="Source\external\fmt\printf.h">
      <Filter>Source\external\fmt</Filter>
    </ClInclude>
    <ClInclude Include="Source\external\fmt\ranges.h">
      <Filter>Source\external\fmt</Filter>
    </ClInclude>
    <ClInclude Include="Source\cpinternals\cpnames.hpp">
      <Filter>Source\cpinternals</Filter>
    </ClInclude>
    <ClInclude Include="Source\widgets\node_editors\itemData.hpp">
      <Filter>Source\widgets\node_editors</Filter>
    </ClInclude>
    <ClInclude Include="Source\AppLib\IApp.hpp">
      <Filter>Source\AppLib</Filter>
    </ClInclude>
  </ItemGroup>
  <ItemGroup>
    <CopyFileToFolders Include="Resources\CNames.json">
      <Filter>Resources</Filter>
    </CopyFileToFolders>
    <CopyFileToFolders Include="Resources\scriptables.json">
      <Filter>Resources</Filter>
    </CopyFileToFolders>
    <CopyFileToFolders Include="Resources\TweakDBIDs.json">
      <Filter>Resources</Filter>
    </CopyFileToFolders>
  </ItemGroup>
</Project>