<?xml version="1.0" encoding="utf-8"?>
<Project ToolsVersion="4.0" xmlns="http://schemas.microsoft.com/developer/msbuild/2003">
  <ItemGroup>
    <Filter Include="source">
      <UniqueIdentifier>{4FC737F1-C7A5-4376-A066-2A32D752A2FF}</UniqueIdentifier>
      <Extensions>cpp;c;hpp;h;cxx;asm</Extensions>
    </Filter>
    <Filter Include="source\widgets">
      <UniqueIdentifier>{f4666c24-b83b-486d-8b2b-17bb5092fc5e}</UniqueIdentifier>
    </Filter>
  </ItemGroup>
  <ItemGroup>
    <ClCompile Include="..\..\source\editors\tdb_editor\main.cpp">
      <Filter>Source</Filter>
    </ClCompile>
    <ClCompile Include="..\..\source\editors\tdb_editor\widgets\tweakdb.cpp">
      <Filter>Source\widgets</Filter>
    </ClCompile>
  </ItemGroup>
  <ItemGroup>
    <ClInclude Include="..\..\source\editors\tdb_editor\widgets\tweakdb.hpp">
      <Filter>Source\widgets</Filter>
    </ClInclude>
  </ItemGroup>
</Project>